{
  "name": "autolegal-microsaas",
  "version": "0.1.0",
  "lockfileVersion": 3,
  "requires": true,
  "packages": {
    "": {
      "name": "autolegal-microsaas",
      "version": "0.1.0",
      "dependencies": {
        "glob": "^13.0.3",
        "next": "16.1.6",
        "puppeteer": "^24.37.3",
        "react": "19.2.3",
        "react-dom": "19.2.3",
        "react-markdown": "^10.1.0",
        "remark": "^15.0.1",
        "remark-gfm": "^4.0.1",
        "remark-html": "^16.0.1"
      },
      "devDependencies": {
        "@tailwindcss/typography": "^0.5.19",
        "@types/node": "^20",
        "@types/react": "^19",
        "@types/react-dom": "^19",
        "eslint": "^9",
        "eslint-config-next": "16.1.6",
        "tailwindcss": "^4",
        "typescript": "^5",
        "vitest": "^4.0.18"
      }
    }
  }
}
